
Microsoft Visual Studio Solution File, Format Version 12.00
# Visual Studio 15
VisualStudioVersion = 15.0.28307.168
MinimumVisualStudioVersion = 10.0.40219.1
Project("{FAE04EC0-301F-11D3-BF4B-00C04F79EFBC}") = "ConsoleApp1", "ConsoleApp1\ConsoleApp1.csproj", "{61BF5C02-E8A3-4709-AAE4-E89405EBA7FB}"
EndProject
Global
	GlobalSection(SolutionConfigurationPlatforms) = preSolution
		Debug|Any CPU = Debug|Any CPU
		Release|Any CPU = Release|Any CPU
	EndGlobalSection
	GlobalSection(ProjectConfigurationPlatforms) = postSolution
		{61BF5C02-E8A3-4709-AAE4-E89405EBA7FB}.Debug|Any CPU.ActiveCfg = Debug|Any CPU
		{61BF5C02-E8A3-4709-AAE4-E89405EBA7FB}.Debug|Any CPU.Build.0 = Debug|Any CPU
		{61BF5C02-E8A3-4709-AAE4-E89405EBA7FB}.Release|Any CPU.ActiveCfg = Release|Any CPU
		{61BF5C02-E8A3-4709-AAE4-E89405EBA7FB}.Release|Any CPU.Build.0 = Release|Any CPU
	EndGlobalSection
	GlobalSection(SolutionProperties) = preSolution
		HideSolutionNode = FALSE
	EndGlobalSection
	GlobalSection(ExtensibilityGlobals) = postSolution
		SolutionGuid = {5FBD973D-8B35-474B-9E15-1F7C1111B5BE}
	EndGlobalSection
EndGlobal
